{"filter":false,"title":"Gemfile.lock","tooltip":"/Gemfile.lock","undoManager":{"mark":0,"position":0,"stack":[[{"group":"doc","deltas":[{"start":{"row":30,"column":0},"end":{"row":32,"column":0},"action":"insert","lines":["    bootstrap-sass (3.3.1.0)","      sass (~> 3.2)",""]},{"start":{"row":116,"column":0},"end":{"row":117,"column":0},"action":"insert","lines":["  bootstrap-sass (~> 3.3.1)",""]}]}]]},"ace":{"folds":[],"scrolltop":0,"scrollleft":0,"selection":{"start":{"row":0,"column":0},"end":{"row":0,"column":0},"isBackwards":false},"options":{"guessTabSize":true,"useWrapMode":false,"wrapToView":true},"firstLineState":0},"timestamp":1420313624000,"hash":"62ba105b8ae1428946096c43e0e722b5639971c0"}